
Microsoft Visual Studio Solution File, Format Version 12.00
# Visual Studio Version 17
VisualStudioVersion = 17.4.33213.308
MinimumVisualStudioVersion = 10.0.40219.1
Project("{FAE04EC0-301F-11D3-BF4B-00C04F79EFBC}") = "CMS.Core", "CMS.Core\CMS.Core.csproj", "{49A3AFD1-F57A-48E6-B517-D6F26A7D0C53}"
EndProject
Project("{FAE04EC0-301F-11D3-BF4B-00C04F79EFBC}") = "CMS.Service.Logging", "CMS.Service.Logging\CMS.Service.Logging.csproj", "{19A9F81B-455D-4BE6-B438-2E14511688CC}"
EndProject
Global
	GlobalSection(SolutionConfigurationPlatforms) = preSolution
		Debug|Any CPU = Debug|Any CPU
		Release|Any CPU = Release|Any CPU
	EndGlobalSection
	GlobalSection(ProjectConfigurationPlatforms) = postSolution
		{49A3AFD1-F57A-48E6-B517-D6F26A7D0C53}.Debug|Any CPU.ActiveCfg = Debug|Any CPU
		{49A3AFD1-F57A-48E6-B517-D6F26A7D0C53}.Debug|Any CPU.Build.0 = Debug|Any CPU
		{49A3AFD1-F57A-48E6-B517-D6F26A7D0C53}.Release|Any CPU.ActiveCfg = Release|Any CPU
		{49A3AFD1-F57A-48E6-B517-D6F26A7D0C53}.Release|Any CPU.Build.0 = Release|Any CPU
		{19A9F81B-455D-4BE6-B438-2E14511688CC}.Debug|Any CPU.ActiveCfg = Debug|Any CPU
		{19A9F81B-455D-4BE6-B438-2E14511688CC}.Debug|Any CPU.Build.0 = Debug|Any CPU
		{19A9F81B-455D-4BE6-B438-2E14511688CC}.Release|Any CPU.ActiveCfg = Release|Any CPU
		{19A9F81B-455D-4BE6-B438-2E14511688CC}.Release|Any CPU.Build.0 = Release|Any CPU
	EndGlobalSection
	GlobalSection(SolutionProperties) = preSolution
		HideSolutionNode = FALSE
	EndGlobalSection
	GlobalSection(ExtensibilityGlobals) = postSolution
		SolutionGuid = {5A253659-4855-4075-8DEE-F7B518032925}
	EndGlobalSection
EndGlobal
